
Microsoft Visual Studio Solution File, Format Version 12.00
# Visual Studio Version 17
VisualStudioVersion = 17.9.34723.18
MinimumVisualStudioVersion = 10.0.40219.1
Project("{FAE04EC0-301F-11D3-BF4B-00C04F79EFBC}") = "tema", "tema\tema.csproj", "{0861FBE7-563F-4795-937B-EAE847DBB93F}"
EndProject
Global
	GlobalSection(SolutionConfigurationPlatforms) = preSolution
		Debug|Any CPU = Debug|Any CPU
		Release|Any CPU = Release|Any CPU
	EndGlobalSection
	GlobalSection(ProjectConfigurationPlatforms) = postSolution
		{0861FBE7-563F-4795-937B-EAE847DBB93F}.Debug|Any CPU.ActiveCfg = Debug|Any CPU
		{0861FBE7-563F-4795-937B-EAE847DBB93F}.Debug|Any CPU.Build.0 = Debug|Any CPU
		{0861FBE7-563F-4795-937B-EAE847DBB93F}.Release|Any CPU.ActiveCfg = Release|Any CPU
		{0861FBE7-563F-4795-937B-EAE847DBB93F}.Release|Any CPU.Build.0 = Release|Any CPU
	EndGlobalSection
	GlobalSection(SolutionProperties) = preSolution
		HideSolutionNode = FALSE
	EndGlobalSection
	GlobalSection(ExtensibilityGlobals) = postSolution
		SolutionGuid = {F3E311C2-222F-4265-BBB1-1CE55B380384}
	EndGlobalSection
EndGlobal
